
Microsoft Visual Studio Solution File, Format Version 12.00
# Visual Studio 15
VisualStudioVersion = 15.0.28307.329
MinimumVisualStudioVersion = 10.0.40219.1
Project("{FAE04EC0-301F-11D3-BF4B-00C04F79EFBC}") = "lifebrands_v2", "lifebrands_v2\lifebrands_v2.csproj", "{26F010B0-645F-4025-85D1-4499A409EF70}"
EndProject
Global
	GlobalSection(SolutionConfigurationPlatforms) = preSolution
		Debug|Any CPU = Debug|Any CPU
		Release|Any CPU = Release|Any CPU
	EndGlobalSection
	GlobalSection(ProjectConfigurationPlatforms) = postSolution
		{26F010B0-645F-4025-85D1-4499A409EF70}.Debug|Any CPU.ActiveCfg = Debug|Any CPU
		{26F010B0-645F-4025-85D1-4499A409EF70}.Debug|Any CPU.Build.0 = Debug|Any CPU
		{26F010B0-645F-4025-85D1-4499A409EF70}.Release|Any CPU.ActiveCfg = Release|Any CPU
		{26F010B0-645F-4025-85D1-4499A409EF70}.Release|Any CPU.Build.0 = Release|Any CPU
	EndGlobalSection
	GlobalSection(SolutionProperties) = preSolution
		HideSolutionNode = FALSE
	EndGlobalSection
	GlobalSection(ExtensibilityGlobals) = postSolution
		SolutionGuid = {0468111E-6D74-4401-80F2-D9E8962FCBBB}
	EndGlobalSection
EndGlobal
